// !$*UTF8*$!
{
	archiveVersion = 1;
	classes = {
	};
	objectVersion = 50;
	objects = {

/* Begin PBXBuildFile section */
		22980711248F86F90027C561 /* ListNode.m in Sources */ = {isa = PBXBuildFile; fileRef = 22980710248F86F90027C561 /* ListNode.m */; };
		229807172490D3C40027C561 /* NSArray+Enum.m in Sources */ = {isa = PBXBuildFile; fileRef = 229807162490D3C40027C561 /* NSArray+Enum.m */; };
		2298071F2491CD7C0027C561 /* NSArray+Description.m in Sources */ = {isa = PBXBuildFile; fileRef = 2298071E2491CD7C0027C561 /* NSArray+Description.m */; };
		22980724249330150027C561 /* ArrayStack.m in Sources */ = {isa = PBXBuildFile; fileRef = 22980723249330150027C561 /* ArrayStack.m */; };
		22980727249330370027C561 /* LinkedStack.m in Sources */ = {isa = PBXBuildFile; fileRef = 22980726249330370027C561 /* LinkedStack.m */; };
		22A60D2D248A2E8700895E53 /* AppDelegate.m in Sources */ = {isa = PBXBuildFile; fileRef = 22A60D2C248A2E8700895E53 /* AppDelegate.m */; };
		22A60D30248A2E8700895E53 /* SceneDelegate.m in Sources */ = {isa = PBXBuildFile; fileRef = 22A60D2F248A2E8700895E53 /* SceneDelegate.m */; };
		22A60D33248A2E8700895E53 /* ViewController.m in Sources */ = {isa = PBXBuildFile; fileRef = 22A60D32248A2E8700895E53 /* ViewController.m */; };
		22A60D36248A2E8700895E53 /* Main.storyboard in Resources */ = {isa = PBXBuildFile; fileRef = 22A60D34248A2E8700895E53 /* Main.storyboard */; };
		22A60D38248A2E8900895E53 /* Assets.xcassets in Resources */ = {isa = PBXBuildFile; fileRef = 22A60D37248A2E8900895E53 /* Assets.xcassets */; };
		22A60D3B248A2E8900895E53 /* LaunchScreen.storyboard in Resources */ = {isa = PBXBuildFile; fileRef = 22A60D39248A2E8900895E53 /* LaunchScreen.storyboard */; };
		22A60D3E248A2E8900895E53 /* main.m in Sources */ = {isa = PBXBuildFile; fileRef = 22A60D3D248A2E8900895E53 /* main.m */; };
		22A60D46248A339500895E53 /* SinglyLinkedList.m in Sources */ = {isa = PBXBuildFile; fileRef = 22A60D45248A339500895E53 /* SinglyLinkedList.m */; };
		22A71A69249B661000761633 /* Browser.m in Sources */ = {isa = PBXBuildFile; fileRef = 22A71A68249B661000761633 /* Browser.m */; };
/* End PBXBuildFile section */

/* Begin PBXFileReference section */
		2298070F248F86F90027C561 /* ListNode.h */ = {isa = PBXFileReference; lastKnownFileType = sourcecode.c.h; path = ListNode.h; sourceTree = "<group>"; };
		22980710248F86F90027C561 /* ListNode.m */ = {isa = PBXFileReference; lastKnownFileType = sourcecode.c.objc; path = ListNode.m; sourceTree = "<group>"; };
		229807152490D3C40027C561 /* NSArray+Enum.h */ = {isa = PBXFileReference; lastKnownFileType = sourcecode.c.h; path = "NSArray+Enum.h"; sourceTree = "<group>"; };
		229807162490D3C40027C561 /* NSArray+Enum.m */ = {isa = PBXFileReference; lastKnownFileType = sourcecode.c.objc; path = "NSArray+Enum.m"; sourceTree = "<group>"; };
		2298071D2491CD7C0027C561 /* NSArray+Description.h */ = {isa = PBXFileReference; lastKnownFileType = sourcecode.c.h; path = "NSArray+Description.h"; sourceTree = "<group>"; };
		2298071E2491CD7C0027C561 /* NSArray+Description.m */ = {isa = PBXFileReference; lastKnownFileType = sourcecode.c.objc; path = "NSArray+Description.m"; sourceTree = "<group>"; };
		22980722249330150027C561 /* ArrayStack.h */ = {isa = PBXFileReference; lastKnownFileType = sourcecode.c.h; path = ArrayStack.h; sourceTree = "<group>"; };
		22980723249330150027C561 /* ArrayStack.m */ = {isa = PBXFileReference; lastKnownFileType = sourcecode.c.objc; path = ArrayStack.m; sourceTree = "<group>"; };
		22980725249330370027C561 /* LinkedStack.h */ = {isa = PBXFileReference; lastKnownFileType = sourcecode.c.h; path = LinkedStack.h; sourceTree = "<group>"; };
		22980726249330370027C561 /* LinkedStack.m */ = {isa = PBXFileReference; lastKnownFileType = sourcecode.c.objc; path = LinkedStack.m; sourceTree = "<group>"; };
		22A60D28248A2E8700895E53 /* Algorithm.app */ = {isa = PBXFileReference; explicitFileType = wrapper.application; includeInIndex = 0; path = Algorithm.app; sourceTree = BUILT_PRODUCTS_DIR; };
		22A60D2B248A2E8700895E53 /* AppDelegate.h */ = {isa = PBXFileReference; lastKnownFileType = sourcecode.c.h; path = AppDelegate.h; sourceTree = "<group>"; };
		22A60D2C248A2E8700895E53 /* AppDelegate.m */ = {isa = PBXFileReference; lastKnownFileType = sourcecode.c.objc; path = AppDelegate.m; sourceTree = "<group>"; };
		22A60D2E248A2E8700895E53 /* SceneDelegate.h */ = {isa = PBXFileReference; lastKnownFileType = sourcecode.c.h; path = SceneDelegate.h; sourceTree = "<group>"; };
		22A60D2F248A2E8700895E53 /* SceneDelegate.m */ = {isa = PBXFileReference; lastKnownFileType = sourcecode.c.objc; path = SceneDelegate.m; sourceTree = "<group>"; };
		22A60D31248A2E8700895E53 /* ViewController.h */ = {isa = PBXFileReference; lastKnownFileType = sourcecode.c.h; path = ViewController.h; sourceTree = "<group>"; };
		22A60D32248A2E8700895E53 /* ViewController.m */ = {isa = PBXFileReference; lastKnownFileType = sourcecode.c.objc; path = ViewController.m; sourceTree = "<group>"; };
		22A60D35248A2E8700895E53 /* Base */ = {isa = PBXFileReference; lastKnownFileType = file.storyboard; name = Base; path = Base.lproj/Main.storyboard; sourceTree = "<group>"; };
		22A60D37248A2E8900895E53 /* Assets.xcassets */ = {isa = PBXFileReference; lastKnownFileType = folder.assetcatalog; path = Assets.xcassets; sourceTree = "<group>"; };
		22A60D3A248A2E8900895E53 /* Base */ = {isa = PBXFileReference; lastKnownFileType = file.storyboard; name = Base; path = Base.lproj/LaunchScreen.storyboard; sourceTree = "<group>"; };
		22A60D3C248A2E8900895E53 /* Info.plist */ = {isa = PBXFileReference; lastKnownFileType = text.plist.xml; path = Info.plist; sourceTree = "<group>"; };
		22A60D3D248A2E8900895E53 /* main.m */ = {isa = PBXFileReference; lastKnownFileType = sourcecode.c.objc; path = main.m; sourceTree = "<group>"; };
		22A60D44248A339500895E53 /* SinglyLinkedList.h */ = {isa = PBXFileReference; lastKnownFileType = sourcecode.c.h; path = SinglyLinkedList.h; sourceTree = "<group>"; };
		22A60D45248A339500895E53 /* SinglyLinkedList.m */ = {isa = PBXFileReference; lastKnownFileType = sourcecode.c.objc; path = SinglyLinkedList.m; sourceTree = "<group>"; };
		22A71A67249B661000761633 /* Browser.h */ = {isa = PBXFileReference; lastKnownFileType = sourcecode.c.h; path = Browser.h; sourceTree = "<group>"; };
		22A71A68249B661000761633 /* Browser.m */ = {isa = PBXFileReference; lastKnownFileType = sourcecode.c.objc; path = Browser.m; sourceTree = "<group>"; };
/* End PBXFileReference section */

/* Begin PBXFrameworksBuildPhase section */
		22A60D25248A2E8700895E53 /* Frameworks */ = {
			isa = PBXFrameworksBuildPhase;
			buildActionMask = 2147483647;
			files = (
			);
			runOnlyForDeploymentPostprocessing = 0;
		};
/* End PBXFrameworksBuildPhase section */

/* Begin PBXGroup section */
		2298072024932C910027C561 /* 链表 */ = {
			isa = PBXGroup;
			children = (
				22A60D44248A339500895E53 /* SinglyLinkedList.h */,
				22A60D45248A339500895E53 /* SinglyLinkedList.m */,
				2298070F248F86F90027C561 /* ListNode.h */,
				22980710248F86F90027C561 /* ListNode.m */,
			);
			path = "链表";
			sourceTree = "<group>";
		};
		2298072124932CD30027C561 /* 栈 */ = {
			isa = PBXGroup;
			children = (
				22980722249330150027C561 /* ArrayStack.h */,
				22980723249330150027C561 /* ArrayStack.m */,
				22980725249330370027C561 /* LinkedStack.h */,
				22980726249330370027C561 /* LinkedStack.m */,
				22A71A67249B661000761633 /* Browser.h */,
				22A71A68249B661000761633 /* Browser.m */,
			);
			path = "栈";
			sourceTree = "<group>";
		};
		22A60D1F248A2E8700895E53 = {
			isa = PBXGroup;
			children = (
				22A60D2A248A2E8700895E53 /* Algorithm */,
				22A60D29248A2E8700895E53 /* Products */,
			);
			sourceTree = "<group>";
		};
		22A60D29248A2E8700895E53 /* Products */ = {
			isa = PBXGroup;
			children = (
				22A60D28248A2E8700895E53 /* Algorithm.app */,
			);
			name = Products;
			sourceTree = "<group>";
		};
		22A60D2A248A2E8700895E53 /* Algorithm */ = {
			isa = PBXGroup;
			children = (
				2298072124932CD30027C561 /* 栈 */,
				2298072024932C910027C561 /* 链表 */,
				22A60D2B248A2E8700895E53 /* AppDelegate.h */,
				22A60D2C248A2E8700895E53 /* AppDelegate.m */,
				22A60D2E248A2E8700895E53 /* SceneDelegate.h */,
				22A60D2F248A2E8700895E53 /* SceneDelegate.m */,
				22A60D31248A2E8700895E53 /* ViewController.h */,
				22A60D32248A2E8700895E53 /* ViewController.m */,
				2298071D2491CD7C0027C561 /* NSArray+Description.h */,
				2298071E2491CD7C0027C561 /* NSArray+Description.m */,
				229807152490D3C40027C561 /* NSArray+Enum.h */,
				229807162490D3C40027C561 /* NSArray+Enum.m */,
				22A60D34248A2E8700895E53 /* Main.storyboard */,
				22A60D37248A2E8900895E53 /* Assets.xcassets */,
				22A60D39248A2E8900895E53 /* LaunchScreen.storyboard */,
				22A60D3C248A2E8900895E53 /* Info.plist */,
				22A60D3D248A2E8900895E53 /* main.m */,
			);
			path = Algorithm;
			sourceTree = "<group>";
		};
/* End PBXGroup section */

/* Begin PBXNativeTarget section */
		22A60D27248A2E8700895E53 /* Algorithm */ = {
			isa = PBXNativeTarget;
			buildConfigurationList = 22A60D41248A2E8900895E53 /* Build configuration list for PBXNativeTarget "Algorithm" */;
			buildPhases = (
				22A60D24248A2E8700895E53 /* Sources */,
				22A60D25248A2E8700895E53 /* Frameworks */,
				22A60D26248A2E8700895E53 /* Resources */,
			);
			buildRules = (
			);
			dependencies = (
			);
			name = Algorithm;
			productName = Algorithm;
			productReference = 22A60D28248A2E8700895E53 /* Algorithm.app */;
			productType = "com.apple.product-type.application";
		};
/* End PBXNativeTarget section */

/* Begin PBXProject section */
		22A60D20248A2E8700895E53 /* Project object */ = {
			isa = PBXProject;
			attributes = {
				LastUpgradeCheck = 1150;
				ORGANIZATIONNAME = personnal;
				TargetAttributes = {
					22A60D27248A2E8700895E53 = {
						CreatedOnToolsVersion = 11.5;
					};
				};
			};
			buildConfigurationList = 22A60D23248A2E8700895E53 /* Build configuration list for PBXProject "Algorithm" */;
			compatibilityVersion = "Xcode 9.3";
			developmentRegion = en;
			hasScannedForEncodings = 0;
			knownRegions = (
				en,
				Base,
			);
			mainGroup = 22A60D1F248A2E8700895E53;
			productRefGroup = 22A60D29248A2E8700895E53 /* Products */;
			projectDirPath = "";
			projectRoot = "";
			targets = (
				22A60D27248A2E8700895E53 /* Algorithm */,
			);
		};
/* End PBXProject section */

/* Begin PBXResourcesBuildPhase section */
		22A60D26248A2E8700895E53 /* Resources */ = {
			isa = PBXResourcesBuildPhase;
			buildActionMask = 2147483647;
			files = (
				22A60D3B248A2E8900895E53 /* LaunchScreen.storyboard in Resources */,
				22A60D38248A2E8900895E53 /* Assets.xcassets in Resources */,
				22A60D36248A2E8700895E53 /* Main.storyboard in Resources */,
			);
			runOnlyForDeploymentPostprocessing = 0;
		};
/* End PBXResourcesBuildPhase section */

/* Begin PBXSourcesBuildPhase section */
		22A60D24248A2E8700895E53 /* Sources */ = {
			isa = PBXSourcesBuildPhase;
			buildActionMask = 2147483647;
			files = (
				22A60D33248A2E8700895E53 /* ViewController.m in Sources */,
				22980711248F86F90027C561 /* ListNode.m in Sources */,
				22980724249330150027C561 /* ArrayStack.m in Sources */,
				22A60D46248A339500895E53 /* SinglyLinkedList.m in Sources */,
				22A60D2D248A2E8700895E53 /* AppDelegate.m in Sources */,
				22A60D3E248A2E8900895E53 /* main.m in Sources */,
				22A60D30248A2E8700895E53 /* SceneDelegate.m in Sources */,
				22A71A69249B661000761633 /* Browser.m in Sources */,
				229807172490D3C40027C561 /* NSArray+Enum.m in Sources */,
				2298071F2491CD7C0027C561 /* NSArray+Description.m in Sources */,
				22980727249330370027C561 /* LinkedStack.m in Sources */,
			);
			runOnlyForDeploymentPostprocessing = 0;
		};
/* End PBXSourcesBuildPhase section */

/* Begin PBXVariantGroup section */
		22A60D34248A2E8700895E53 /* Main.storyboard */ = {
			isa = PBXVariantGroup;
			children = (
				22A60D35248A2E8700895E53 /* Base */,
			);
			name = Main.storyboard;
			sourceTree = "<group>";
		};
		22A60D39248A2E8900895E53 /* LaunchScreen.storyboard */ = {
			isa = PBXVariantGroup;
			children = (
				22A60D3A248A2E8900895E53 /* Base */,
			);
			name = LaunchScreen.storyboard;
			sourceTree = "<group>";
		};
/* End PBXVariantGroup section */

/* Begin XCBuildConfiguration section */
		22A60D3F248A2E8900895E53 /* Debug */ = {
			isa = XCBuildConfiguration;
			buildSettings = {
				ALWAYS_SEARCH_USER_PATHS = NO;
				CLANG_ANALYZER_NONNULL = YES;
				CLANG_ANALYZER_NUMBER_OBJECT_CONVERSION = YES_AGGRESSIVE;
				CLANG_CXX_LANGUAGE_STANDARD = "gnu++14";
				CLANG_CXX_LIBRARY = "libc++";
				CLANG_ENABLE_MODULES = YES;
				CLANG_ENABLE_OBJC_ARC = YES;
				CLANG_ENABLE_OBJC_WEAK = YES;
				CLANG_WARN_BLOCK_CAPTURE_AUTORELEASING = YES;
				CLANG_WARN_BOOL_CONVERSION = YES;
				CLANG_WARN_COMMA = YES;
				CLANG_WARN_CONSTANT_CONVERSION = YES;
				CLANG_WARN_DEPRECATED_OBJC_IMPLEMENTATIONS = YES;
				CLANG_WARN_DIRECT_OBJC_ISA_USAGE = YES_ERROR;
				CLANG_WARN_DOCUMENTATION_COMMENTS = YES;
				CLANG_WARN_EMPTY_BODY = YES;
				CLANG_WARN_ENUM_CONVERSION = YES;
				CLANG_WARN_INFINITE_RECURSION = YES;
				CLANG_WARN_INT_CONVERSION = YES;
				CLANG_WARN_NON_LITERAL_NULL_CONVERSION = YES;
				CLANG_WARN_OBJC_IMPLICIT_RETAIN_SELF = YES;
				CLANG_WARN_OBJC_LITERAL_CONVERSION = YES;
				CLANG_WARN_OBJC_ROOT_CLASS = YES_ERROR;
				CLANG_WARN_RANGE_LOOP_ANALYSIS = YES;
				CLANG_WARN_STRICT_PROTOTYPES = YES;
				CLANG_WARN_SUSPICIOUS_MOVE = YES;
				CLANG_WARN_UNGUARDED_AVAILABILITY = YES_AGGRESSIVE;
				CLANG_WARN_UNREACHABLE_CODE = YES;
				CLANG_WARN__DUPLICATE_METHOD_MATCH = YES;
				COPY_PHASE_STRIP = NO;
				DEBUG_INFORMATION_FORMAT = dwarf;
				ENABLE_STRICT_OBJC_MSGSEND = YES;
				ENABLE_TESTABILITY = YES;
				GCC_C_LANGUAGE_STANDARD = gnu11;
				GCC_DYNAMIC_NO_PIC = NO;
				GCC_NO_COMMON_BLOCKS = YES;
				GCC_OPTIMIZATION_LEVEL = 0;
				GCC_PREPROCESSOR_DEFINITIONS = (
					"DEBUG=1",
					"$(inherited)",
				);
				GCC_WARN_64_TO_32_BIT_CONVERSION = YES;
				GCC_WARN_ABOUT_RETURN_TYPE = YES_ERROR;
				GCC_WARN_UNDECLARED_SELECTOR = YES;
				GCC_WARN_UNINITIALIZED_AUTOS = YES_AGGRESSIVE;
				GCC_WARN_UNUSED_FUNCTION = YES;
				GCC_WARN_UNUSED_VARIABLE = YES;
				IPHONEOS_DEPLOYMENT_TARGET = 13.5;
				MTL_ENABLE_DEBUG_INFO = INCLUDE_SOURCE;
				MTL_FAST_MATH = YES;
				ONLY_ACTIVE_ARCH = YES;
				SDKROOT = iphoneos;
			};
			name = Debug;
		};
		22A60D40248A2E8900895E53 /* Release */ = {
			isa = XCBuildConfiguration;
			buildSettings = {
				ALWAYS_SEARCH_USER_PATHS = NO;
				CLANG_ANALYZER_NONNULL = YES;
				CLANG_ANALYZER_NUMBER_OBJECT_CONVERSION = YES_AGGRESSIVE;
				CLANG_CXX_LANGUAGE_STANDARD = "gnu++14";
				CLANG_CXX_LIBRARY = "libc++";
				CLANG_ENABLE_MODULES = YES;
				CLANG_ENABLE_OBJC_ARC = YES;
				CLANG_ENABLE_OBJC_WEAK = YES;
				CLANG_WARN_BLOCK_CAPTURE_AUTORELEASING = YES;
				CLANG_WARN_BOOL_CONVERSION = YES;
				CLANG_WARN_COMMA = YES;
				CLANG_WARN_CONSTANT_CONVERSION = YES;
				CLANG_WARN_DEPRECATED_OBJC_IMPLEMENTATIONS = YES;
				CLANG_WARN_DIRECT_OBJC_ISA_USAGE = YES_ERROR;
				CLANG_WARN_DOCUMENTATION_COMMENTS = YES;
				CLANG_WARN_EMPTY_BODY = YES;
				CLANG_WARN_ENUM_CONVERSION = YES;
				CLANG_WARN_INFINITE_RECURSION = YES;
				CLANG_WARN_INT_CONVERSION = YES;
				CLANG_WARN_NON_LITERAL_NULL_CONVERSION = YES;
				CLANG_WARN_OBJC_IMPLICIT_RETAIN_SELF = YES;
				CLANG_WARN_OBJC_LITERAL_CONVERSION = YES;
				CLANG_WARN_OBJC_ROOT_CLASS = YES_ERROR;
				CLANG_WARN_RANGE_LOOP_ANALYSIS = YES;
				CLANG_WARN_STRICT_PROTOTYPES = YES;
				CLANG_WARN_SUSPICIOUS_MOVE = YES;
				CLANG_WARN_UNGUARDED_AVAILABILITY = YES_AGGRESSIVE;
				CLANG_WARN_UNREACHABLE_CODE = YES;
				CLANG_WARN__DUPLICATE_METHOD_MATCH = YES;
				COPY_PHASE_STRIP = NO;
				DEBUG_INFORMATION_FORMAT = "dwarf-with-dsym";
				ENABLE_NS_ASSERTIONS = NO;
				ENABLE_STRICT_OBJC_MSGSEND = YES;
				GCC_C_LANGUAGE_STANDARD = gnu11;
				GCC_NO_COMMON_BLOCKS = YES;
				GCC_WARN_64_TO_32_BIT_CONVERSION = YES;
				GCC_WARN_ABOUT_RETURN_TYPE = YES_ERROR;
				GCC_WARN_UNDECLARED_SELECTOR = YES;
				GCC_WARN_UNINITIALIZED_AUTOS = YES_AGGRESSIVE;
				GCC_WARN_UNUSED_FUNCTION = YES;
				GCC_WARN_UNUSED_VARIABLE = YES;
				IPHONEOS_DEPLOYMENT_TARGET = 13.5;
				MTL_ENABLE_DEBUG_INFO = NO;
				MTL_FAST_MATH = YES;
				SDKROOT = iphoneos;
				VALIDATE_PRODUCT = YES;
			};
			name = Release;
		};
		22A60D42248A2E8900895E53 /* Debug */ = {
			isa = XCBuildConfiguration;
			buildSettings = {
				ASSETCATALOG_COMPILER_APPICON_NAME = AppIcon;
				CODE_SIGN_STYLE = Automatic;
				DEVELOPMENT_TEAM = 5V928EU5H4;
				INFOPLIST_FILE = Algorithm/Info.plist;
				IPHONEOS_DEPLOYMENT_TARGET = 9.0;
				LD_RUNPATH_SEARCH_PATHS = (
					"$(inherited)",
					"@executable_path/Frameworks",
				);
				PRODUCT_BUNDLE_IDENTIFIER = com.personal.Algorithm;
				PRODUCT_NAME = "$(TARGET_NAME)";
				TARGETED_DEVICE_FAMILY = "1,2";
			};
			name = Debug;
		};
		22A60D43248A2E8900895E53 /* Release */ = {
			isa = XCBuildConfiguration;
			buildSettings = {
				ASSETCATALOG_COMPILER_APPICON_NAME = AppIcon;
				CODE_SIGN_STYLE = Automatic;
				DEVELOPMENT_TEAM = 5V928EU5H4;
				INFOPLIST_FILE = Algorithm/Info.plist;
				IPHONEOS_DEPLOYMENT_TARGET = 9.0;
				LD_RUNPATH_SEARCH_PATHS = (
					"$(inherited)",
					"@executable_path/Frameworks",
				);
				PRODUCT_BUNDLE_IDENTIFIER = com.personal.Algorithm;
				PRODUCT_NAME = "$(TARGET_NAME)";
				TARGETED_DEVICE_FAMILY = "1,2";
			};
			name = Release;
		};
/* End XCBuildConfiguration section */

/* Begin XCConfigurationList section */
		22A60D23248A2E8700895E53 /* Build configuration list for PBXProject "Algorithm" */ = {
			isa = XCConfigurationList;
			buildConfigurations = (
				22A60D3F248A2E8900895E53 /* Debug */,
				22A60D40248A2E8900895E53 /* Release */,
			);
			defaultConfigurationIsVisible = 0;
			defaultConfigurationName = Release;
		};
		22A60D41248A2E8900895E53 /* Build configuration list for PBXNativeTarget "Algorithm" */ = {
			isa = XCConfigurationList;
			buildConfigurations = (
				22A60D42248A2E8900895E53 /* Debug */,
				22A60D43248A2E8900895E53 /* Release */,
			);
			defaultConfigurationIsVisible = 0;
			defaultConfigurationName = Release;
		};
/* End XCConfigurationList section */
	};
	rootObject = 22A60D20248A2E8700895E53 /* Project object */;
}
